
Microsoft Visual Studio Solution File, Format Version 12.00
# Visual Studio Version 16
VisualStudioVersion = 16.0.30104.148
MinimumVisualStudioVersion = 10.0.40219.1
Project("{FAE04EC0-301F-11D3-BF4B-00C04F79EFBC}") = "RoyalCaribbeanAutomation", "RoyalCaribbeanAutomation\RoyalCaribbeanAutomation.csproj", "{B7704C54-9D45-4855-B71C-1EE217B4AE23}"
EndProject
Global
	GlobalSection(SolutionConfigurationPlatforms) = preSolution
		Debug|Any CPU = Debug|Any CPU
		Release|Any CPU = Release|Any CPU
	EndGlobalSection
	GlobalSection(ProjectConfigurationPlatforms) = postSolution
		{B7704C54-9D45-4855-B71C-1EE217B4AE23}.Debug|Any CPU.ActiveCfg = Debug|Any CPU
		{B7704C54-9D45-4855-B71C-1EE217B4AE23}.Debug|Any CPU.Build.0 = Debug|Any CPU
		{B7704C54-9D45-4855-B71C-1EE217B4AE23}.Release|Any CPU.ActiveCfg = Release|Any CPU
		{B7704C54-9D45-4855-B71C-1EE217B4AE23}.Release|Any CPU.Build.0 = Release|Any CPU
	EndGlobalSection
	GlobalSection(SolutionProperties) = preSolution
		HideSolutionNode = FALSE
	EndGlobalSection
	GlobalSection(ExtensibilityGlobals) = postSolution
		SolutionGuid = {77962B14-A2A5-4248-8A98-2DD43B18322B}
	EndGlobalSection
EndGlobal
